// !$*UTF8*$!
{
	archiveVersion = 1;
	classes = {
	};
	objectVersion = 77;
	objects = {

/* Begin PBXBuildFile section */
		204334122F9B5D93006CE9D9 /* DiagnosticSDK.h in Headers */ = {isa = PBXBuildFile; fileRef = 204334052F9B5D93006CE9D9 /* DiagnosticSDK.h */; };
		204334132F9B5D93006CE9D9 /* UIViewController+DiagnosticSDK.h in Headers */ = {isa = PBXBuildFile; fileRef = 204334092F9B5D93006CE9D9 /* UIViewController+DiagnosticSDK.h */; };
		204334142F9B5D93006CE9D9 /* NSURLSessionConfiguration+DiagnosticSDK.h in Headers */ = {isa = PBXBuildFile; fileRef = 204334082F9B5D93006CE9D9 /* NSURLSessionConfiguration+DiagnosticSDK.h */; };
		204334152F9B5D93006CE9D9 /* DiagnosticSDKBootstrapper.h in Headers */ = {isa = PBXBuildFile; fileRef = 204334062F9B5D93006CE9D9 /* DiagnosticSDKBootstrapper.h */; };
		204334162F9B5D93006CE9D9 /* DiagnosticSDKMethodSwizzling.h in Headers */ = {isa = PBXBuildFile; fileRef = 204334072F9B5D93006CE9D9 /* DiagnosticSDKMethodSwizzling.h */; };
		204334172F9B5D93006CE9D9 /* SessionTraceJSONCodec.swift in Sources */ = {isa = PBXBuildFile; fileRef = 204333E32F9B5D93006CE9D9 /* SessionTraceJSONCodec.swift */; };
		204334182F9B5D93006CE9D9 /* SensitiveDataFilter.swift in Sources */ = {isa = PBXBuildFile; fileRef = 204333DB2F9B5D93006CE9D9 /* SensitiveDataFilter.swift */; };
		204334192F9B5D93006CE9D9 /* AsyncTracker.swift in Sources */ = {isa = PBXBuildFile; fileRef = 204333CB2F9B5D93006CE9D9 /* AsyncTracker.swift */; };
		2043341A2F9B5D93006CE9D9 /* CopyToastModifier.swift in Sources */ = {isa = PBXBuildFile; fileRef = 204333E82F9B5D93006CE9D9 /* CopyToastModifier.swift */; };
		2043341B2F9B5D93006CE9D9 /* DiagnosticEmptyStateView.swift in Sources */ = {isa = PBXBuildFile; fileRef = 204333E92F9B5D93006CE9D9 /* DiagnosticEmptyStateView.swift */; };
		2043341C2F9B5D93006CE9D9 /* TraceSessionFileLoader.swift in Sources */ = {isa = PBXBuildFile; fileRef = 204333E42F9B5D93006CE9D9 /* TraceSessionFileLoader.swift */; };
		2043341D2F9B5D93006CE9D9 /* ShakeDetector.swift in Sources */ = {isa = PBXBuildFile; fileRef = 204333FE2F9B5D93006CE9D9 /* ShakeDetector.swift */; };
		2043341E2F9B5D93006CE9D9 /* TraceInspectorView.swift in Sources */ = {isa = PBXBuildFile; fileRef = 204333F42F9B5D93006CE9D9 /* TraceInspectorView.swift */; };
		2043341F2F9B5D93006CE9D9 /* LiveSessionViewModel.swift in Sources */ = {isa = PBXBuildFile; fileRef = 204333F72F9B5D93006CE9D9 /* LiveSessionViewModel.swift */; };
		204334202F9B5D93006CE9D9 /* DiagnosticPrettyJSONPreview.swift in Sources */ = {isa = PBXBuildFile; fileRef = 204333EA2F9B5D93006CE9D9 /* DiagnosticPrettyJSONPreview.swift */; };
		204334212F9B5D93006CE9D9 /* DiagnosticSessionSnapshot+SessionTrace.swift in Sources */ = {isa = PBXBuildFile; fileRef = 204333D42F9B5D93006CE9D9 /* DiagnosticSessionSnapshot+SessionTrace.swift */; };
		204334222F9B5D93006CE9D9 /* DiagnosticSDKBootstrapper.m in Sources */ = {isa = PBXBuildFile; fileRef = 2043340C2F9B5D93006CE9D9 /* DiagnosticSDKBootstrapper.m */; };
		204334232F9B5D93006CE9D9 /* NetworkInterceptorProtocol.swift in Sources */ = {isa = PBXBuildFile; fileRef = 204333CF2F9B5D93006CE9D9 /* NetworkInterceptorProtocol.swift */; };
		204334242F9B5D93006CE9D9 /* DiagnosticSessionStore.swift in Sources */ = {isa = PBXBuildFile; fileRef = 204333E02F9B5D93006CE9D9 /* DiagnosticSessionStore.swift */; };
		204334252F9B5D93006CE9D9 /* SessionHistoryViewModel.swift in Sources */ = {isa = PBXBuildFile; fileRef = 204333EF2F9B5D93006CE9D9 /* SessionHistoryViewModel.swift */; };
		204334262F9B5D93006CE9D9 /* NetworkStoreProtocol.swift in Sources */ = {isa = PBXBuildFile; fileRef = 204333E12F9B5D93006CE9D9 /* NetworkStoreProtocol.swift */; };
		204334272F9B5D93006CE9D9 /* DiagnosticSDK.m in Sources */ = {isa = PBXBuildFile; fileRef = 2043340B2F9B5D93006CE9D9 /* DiagnosticSDK.m */; };
		204334282F9B5D93006CE9D9 /* TracerModels.swift in Sources */ = {isa = PBXBuildFile; fileRef = 204333D82F9B5D93006CE9D9 /* TracerModels.swift */; };
		204334292F9B5D93006CE9D9 /* SessionHistoryView.swift in Sources */ = {isa = PBXBuildFile; fileRef = 204333F32F9B5D93006CE9D9 /* SessionHistoryView.swift */; };
		2043342A2F9B5D93006CE9D9 /* RequestModel.swift in Sources */ = {isa = PBXBuildFile; fileRef = 204333D62F9B5D93006CE9D9 /* RequestModel.swift */; };
		2043342B2F9B5D93006CE9D9 /* NetworkInterceptor.swift in Sources */ = {isa = PBXBuildFile; fileRef = 204333CE2F9B5D93006CE9D9 /* NetworkInterceptor.swift */; };
		2043342C2F9B5D93006CE9D9 /* ConsoleStore.swift in Sources */ = {isa = PBXBuildFile; fileRef = 204333DF2F9B5D93006CE9D9 /* ConsoleStore.swift */; };
		2043342D2F9B5D93006CE9D9 /* DiagnosticDashboardView.swift in Sources */ = {isa = PBXBuildFile; fileRef = 204333FC2F9B5D93006CE9D9 /* DiagnosticDashboardView.swift */; };
		2043342E2F9B5D93006CE9D9 /* TraceSessionListFilters.swift in Sources */ = {isa = PBXBuildFile; fileRef = 204333ED2F9B5D93006CE9D9 /* TraceSessionListFilters.swift */; };
		2043342F2F9B5D93006CE9D9 /* LiveSessionView.swift in Sources */ = {isa = PBXBuildFile; fileRef = 204333F92F9B5D93006CE9D9 /* LiveSessionView.swift */; };
		204334302F9B5D93006CE9D9 /* DiagnosticReadableTextBlock.swift in Sources */ = {isa = PBXBuildFile; fileRef = 204333EB2F9B5D93006CE9D9 /* DiagnosticReadableTextBlock.swift */; };
		204334312F9B5D93006CE9D9 /* NetworkEvent.swift in Sources */ = {isa = PBXBuildFile; fileRef = 204333D52F9B5D93006CE9D9 /* NetworkEvent.swift */; };
		204334322F9B5D93006CE9D9 /* DiagnosticUIManager.swift in Sources */ = {isa = PBXBuildFile; fileRef = 204333FD2F9B5D93006CE9D9 /* DiagnosticUIManager.swift */; };
		204334332F9B5D93006CE9D9 /* NetworkInteractionDetailView.swift in Sources */ = {isa = PBXBuildFile; fileRef = 204333F22F9B5D93006CE9D9 /* NetworkInteractionDetailView.swift */; };
		204334342F9B5D93006CE9D9 /* UIViewController+DiagnosticSDK.m in Sources */ = {isa = PBXBuildFile; fileRef = 2043340F2F9B5D93006CE9D9 /* UIViewController+DiagnosticSDK.m */; };
		204334352F9B5D93006CE9D9 /* ResponseModel.swift in Sources */ = {isa = PBXBuildFile; fileRef = 204333D72F9B5D93006CE9D9 /* ResponseModel.swift */; };
		204334362F9B5D93006CE9D9 /* CustomURLProtocol.swift in Sources */ = {isa = PBXBuildFile; fileRef = 204333D12F9B5D93006CE9D9 /* CustomURLProtocol.swift */; };
		204334372F9B5D93006CE9D9 /* NSURLSessionConfiguration+DiagnosticSDK.m in Sources */ = {isa = PBXBuildFile; fileRef = 2043340E2F9B5D93006CE9D9 /* NSURLSessionConfiguration+DiagnosticSDK.m */; };
		204334382F9B5D93006CE9D9 /* DiagnosticSDK.docc in Sources */ = {isa = PBXBuildFile; fileRef = 204334032F9B5D93006CE9D9 /* DiagnosticSDK.docc */; };
		204334392F9B5D93006CE9D9 /* DiagnosticContext.swift in Sources */ = {isa = PBXBuildFile; fileRef = 204333CD2F9B5D93006CE9D9 /* DiagnosticContext.swift */; };
		2043343A2F9B5D93006CE9D9 /* NetworkEventBuilder.swift in Sources */ = {isa = PBXBuildFile; fileRef = 204333DA2F9B5D93006CE9D9 /* NetworkEventBuilder.swift */; };
		2043343B2F9B5D93006CE9D9 /* TraceInspectorViewModel.swift in Sources */ = {isa = PBXBuildFile; fileRef = 204333F02F9B5D93006CE9D9 /* TraceInspectorViewModel.swift */; };
		2043343C2F9B5D93006CE9D9 /* URLSessionInterceptor.swift in Sources */ = {isa = PBXBuildFile; fileRef = 204333D22F9B5D93006CE9D9 /* URLSessionInterceptor.swift */; };
		2043343D2F9B5D93006CE9D9 /* DiagnosticTraceSessionListViews.swift in Sources */ = {isa = PBXBuildFile; fileRef = 204333EC2F9B5D93006CE9D9 /* DiagnosticTraceSessionListViews.swift */; };
		2043343E2F9B5D93006CE9D9 /* DiagnosticSDKMethodSwizzling.m in Sources */ = {isa = PBXBuildFile; fileRef = 2043340D2F9B5D93006CE9D9 /* DiagnosticSDKMethodSwizzling.m */; };
		2043343F2F9B5D93006CE9D9 /* DiagnosticRootTabView.swift in Sources */ = {isa = PBXBuildFile; fileRef = 204334002F9B5D93006CE9D9 /* DiagnosticRootTabView.swift */; };
		204334402F9B5D93006CE9D9 /* SessionHistoryFileService.swift in Sources */ = {isa = PBXBuildFile; fileRef = 204333E22F9B5D93006CE9D9 /* SessionHistoryFileService.swift */; };
		204334552F9B6C78006CE9D9 /* View+Extension.swift in Sources */ = {isa = PBXBuildFile; fileRef = 204334542F9B6C78006CE9D9 /* View+Extension.swift */; };
		204334582F9B6D00006CE9D9 /* DiagnosticPlainFullScreenSheet.swift in Sources */ = {isa = PBXBuildFile; fileRef = 204334562F9B6D00006CE9D9 /* DiagnosticPlainFullScreenSheet.swift */; };
		204334592F9B6D00006CE9D9 /* URLCharacterWrappingLabel.swift in Sources */ = {isa = PBXBuildFile; fileRef = 204334572F9B6D00006CE9D9 /* URLCharacterWrappingLabel.swift */; };
		2043345A2F9B6E10006CE9D9 /* SecureTraceWrapper.swift in Sources */ = {isa = PBXBuildFile; fileRef = 2043345B2F9B6E10006CE9D9 /* SecureTraceWrapper.swift */; };
		2043345C2F9B6E10006CE9D9 /* TraceEncryptionService.swift in Sources */ = {isa = PBXBuildFile; fileRef = 2043345D2F9B6E10006CE9D9 /* TraceEncryptionService.swift */; };
		2043345E2F9B6E20006CE9D9 /* TraceSessionFileLoaderError.swift in Sources */ = {isa = PBXBuildFile; fileRef = 2043345F2F9B6E20006CE9D9 /* TraceSessionFileLoaderError.swift */; };
		206E62A62F8AD2160011E974 /* Extensions.swift in Sources */ = {isa = PBXBuildFile; fileRef = 206E62A42F8AD2160011E974 /* Extensions.swift */; };
		206E62AB2F8AD2340011E974 /* DiagnosticSDKTests.swift in Sources */ = {isa = PBXBuildFile; fileRef = 206E62A82F8AD2340011E974 /* DiagnosticSDKTests.swift */; };
		20F102E22F8014470096C884 /* DiagnosticSDK.framework in Frameworks */ = {isa = PBXBuildFile; fileRef = 20F102D62F8014470096C884 /* DiagnosticSDK.framework */; };
/* End PBXBuildFile section */

/* Begin PBXContainerItemProxy section */
		20F102E32F8014470096C884 /* PBXContainerItemProxy */ = {
			isa = PBXContainerItemProxy;
			containerPortal = 20F102CD2F8014470096C884 /* Project object */;
			proxyType = 1;
			remoteGlobalIDString = 20F102D52F8014470096C884;
			remoteInfo = DiagnosticSDK;
		};
/* End PBXContainerItemProxy section */

/* Begin PBXFileReference section */
		204333CB2F9B5D93006CE9D9 /* AsyncTracker.swift */ = {isa = PBXFileReference; lastKnownFileType = sourcecode.swift; path = AsyncTracker.swift; sourceTree = "<group>"; };
		204333CD2F9B5D93006CE9D9 /* DiagnosticContext.swift */ = {isa = PBXFileReference; lastKnownFileType = sourcecode.swift; path = DiagnosticContext.swift; sourceTree = "<group>"; };
		204333CE2F9B5D93006CE9D9 /* NetworkInterceptor.swift */ = {isa = PBXFileReference; lastKnownFileType = sourcecode.swift; path = NetworkInterceptor.swift; sourceTree = "<group>"; };
		204333CF2F9B5D93006CE9D9 /* NetworkInterceptorProtocol.swift */ = {isa = PBXFileReference; lastKnownFileType = sourcecode.swift; path = NetworkInterceptorProtocol.swift; sourceTree = "<group>"; };
		204333D12F9B5D93006CE9D9 /* CustomURLProtocol.swift */ = {isa = PBXFileReference; lastKnownFileType = sourcecode.swift; path = CustomURLProtocol.swift; sourceTree = "<group>"; };
		204333D22F9B5D93006CE9D9 /* URLSessionInterceptor.swift */ = {isa = PBXFileReference; lastKnownFileType = sourcecode.swift; path = URLSessionInterceptor.swift; sourceTree = "<group>"; };
		204333D42F9B5D93006CE9D9 /* DiagnosticSessionSnapshot+SessionTrace.swift */ = {isa = PBXFileReference; lastKnownFileType = sourcecode.swift; path = "DiagnosticSessionSnapshot+SessionTrace.swift"; sourceTree = "<group>"; };
		204333D52F9B5D93006CE9D9 /* NetworkEvent.swift */ = {isa = PBXFileReference; lastKnownFileType = sourcecode.swift; path = NetworkEvent.swift; sourceTree = "<group>"; };
		204333D62F9B5D93006CE9D9 /* RequestModel.swift */ = {isa = PBXFileReference; lastKnownFileType = sourcecode.swift; path = RequestModel.swift; sourceTree = "<group>"; };
		204333D72F9B5D93006CE9D9 /* ResponseModel.swift */ = {isa = PBXFileReference; lastKnownFileType = sourcecode.swift; path = ResponseModel.swift; sourceTree = "<group>"; };
		204333D82F9B5D93006CE9D9 /* TracerModels.swift */ = {isa = PBXFileReference; lastKnownFileType = sourcecode.swift; path = TracerModels.swift; sourceTree = "<group>"; };
		204333DA2F9B5D93006CE9D9 /* NetworkEventBuilder.swift */ = {isa = PBXFileReference; lastKnownFileType = sourcecode.swift; path = NetworkEventBuilder.swift; sourceTree = "<group>"; };
		204333DB2F9B5D93006CE9D9 /* SensitiveDataFilter.swift */ = {isa = PBXFileReference; lastKnownFileType = sourcecode.swift; path = SensitiveDataFilter.swift; sourceTree = "<group>"; };
		204333DD2F9B5D93006CE9D9 /* .gitkeep */ = {isa = PBXFileReference; lastKnownFileType = text; path = .gitkeep; sourceTree = "<group>"; };
		204333DF2F9B5D93006CE9D9 /* ConsoleStore.swift */ = {isa = PBXFileReference; lastKnownFileType = sourcecode.swift; path = ConsoleStore.swift; sourceTree = "<group>"; };
		204333E02F9B5D93006CE9D9 /* DiagnosticSessionStore.swift */ = {isa = PBXFileReference; lastKnownFileType = sourcecode.swift; path = DiagnosticSessionStore.swift; sourceTree = "<group>"; };
		204333E12F9B5D93006CE9D9 /* NetworkStoreProtocol.swift */ = {isa = PBXFileReference; lastKnownFileType = sourcecode.swift; path = NetworkStoreProtocol.swift; sourceTree = "<group>"; };
		204333E22F9B5D93006CE9D9 /* SessionHistoryFileService.swift */ = {isa = PBXFileReference; lastKnownFileType = sourcecode.swift; path = SessionHistoryFileService.swift; sourceTree = "<group>"; };
		204333E32F9B5D93006CE9D9 /* SessionTraceJSONCodec.swift */ = {isa = PBXFileReference; lastKnownFileType = sourcecode.swift; path = SessionTraceJSONCodec.swift; sourceTree = "<group>"; };
		204333E42F9B5D93006CE9D9 /* TraceSessionFileLoader.swift */ = {isa = PBXFileReference; lastKnownFileType = sourcecode.swift; path = TraceSessionFileLoader.swift; sourceTree = "<group>"; };
		204333E62F9B5D93006CE9D9 /* .gitkeep */ = {isa = PBXFileReference; lastKnownFileType = text; path = .gitkeep; sourceTree = "<group>"; };
		204333E82F9B5D93006CE9D9 /* CopyToastModifier.swift */ = {isa = PBXFileReference; lastKnownFileType = sourcecode.swift; path = CopyToastModifier.swift; sourceTree = "<group>"; };
		204333E92F9B5D93006CE9D9 /* DiagnosticEmptyStateView.swift */ = {isa = PBXFileReference; lastKnownFileType = sourcecode.swift; path = DiagnosticEmptyStateView.swift; sourceTree = "<group>"; };
		204333EA2F9B5D93006CE9D9 /* DiagnosticPrettyJSONPreview.swift */ = {isa = PBXFileReference; lastKnownFileType = sourcecode.swift; path = DiagnosticPrettyJSONPreview.swift; sourceTree = "<group>"; };
		204333EB2F9B5D93006CE9D9 /* DiagnosticReadableTextBlock.swift */ = {isa = PBXFileReference; lastKnownFileType = sourcecode.swift; path = DiagnosticReadableTextBlock.swift; sourceTree = "<group>"; };
		204333EC2F9B5D93006CE9D9 /* DiagnosticTraceSessionListViews.swift */ = {isa = PBXFileReference; lastKnownFileType = sourcecode.swift; path = DiagnosticTraceSessionListViews.swift; sourceTree = "<group>"; };
		204333ED2F9B5D93006CE9D9 /* TraceSessionListFilters.swift */ = {isa = PBXFileReference; lastKnownFileType = sourcecode.swift; path = TraceSessionListFilters.swift; sourceTree = "<group>"; };
		204333EF2F9B5D93006CE9D9 /* SessionHistoryViewModel.swift */ = {isa = PBXFileReference; lastKnownFileType = sourcecode.swift; path = SessionHistoryViewModel.swift; sourceTree = "<group>"; };
		204333F02F9B5D93006CE9D9 /* TraceInspectorViewModel.swift */ = {isa = PBXFileReference; lastKnownFileType = sourcecode.swift; path = TraceInspectorViewModel.swift; sourceTree = "<group>"; };
		204333F22F9B5D93006CE9D9 /* NetworkInteractionDetailView.swift */ = {isa = PBXFileReference; lastKnownFileType = sourcecode.swift; path = NetworkInteractionDetailView.swift; sourceTree = "<group>"; };
		204333F32F9B5D93006CE9D9 /* SessionHistoryView.swift */ = {isa = PBXFileReference; lastKnownFileType = sourcecode.swift; path = SessionHistoryView.swift; sourceTree = "<group>"; };
		204333F42F9B5D93006CE9D9 /* TraceInspectorView.swift */ = {isa = PBXFileReference; lastKnownFileType = sourcecode.swift; path = TraceInspectorView.swift; sourceTree = "<group>"; };
		204333F72F9B5D93006CE9D9 /* LiveSessionViewModel.swift */ = {isa = PBXFileReference; lastKnownFileType = sourcecode.swift; path = LiveSessionViewModel.swift; sourceTree = "<group>"; };
		204333F92F9B5D93006CE9D9 /* LiveSessionView.swift */ = {isa = PBXFileReference; lastKnownFileType = sourcecode.swift; path = LiveSessionView.swift; sourceTree = "<group>"; };
		204333FC2F9B5D93006CE9D9 /* DiagnosticDashboardView.swift */ = {isa = PBXFileReference; lastKnownFileType = sourcecode.swift; path = DiagnosticDashboardView.swift; sourceTree = "<group>"; };
		204333FD2F9B5D93006CE9D9 /* DiagnosticUIManager.swift */ = {isa = PBXFileReference; lastKnownFileType = sourcecode.swift; path = DiagnosticUIManager.swift; sourceTree = "<group>"; };
		204333FE2F9B5D93006CE9D9 /* ShakeDetector.swift */ = {isa = PBXFileReference; lastKnownFileType = sourcecode.swift; path = ShakeDetector.swift; sourceTree = "<group>"; };
		204334002F9B5D93006CE9D9 /* DiagnosticRootTabView.swift */ = {isa = PBXFileReference; lastKnownFileType = sourcecode.swift; path = DiagnosticRootTabView.swift; sourceTree = "<group>"; };
		204334032F9B5D93006CE9D9 /* DiagnosticSDK.docc */ = {isa = PBXFileReference; lastKnownFileType = folder.documentationcatalog; path = DiagnosticSDK.docc; sourceTree = "<group>"; };
		204334052F9B5D93006CE9D9 /* DiagnosticSDK.h */ = {isa = PBXFileReference; lastKnownFileType = sourcecode.c.h; path = DiagnosticSDK.h; sourceTree = "<group>"; };
		204334062F9B5D93006CE9D9 /* DiagnosticSDKBootstrapper.h */ = {isa = PBXFileReference; lastKnownFileType = sourcecode.c.h; path = DiagnosticSDKBootstrapper.h; sourceTree = "<group>"; };
		204334072F9B5D93006CE9D9 /* DiagnosticSDKMethodSwizzling.h */ = {isa = PBXFileReference; lastKnownFileType = sourcecode.c.h; path = DiagnosticSDKMethodSwizzling.h; sourceTree = "<group>"; };
		204334082F9B5D93006CE9D9 /* NSURLSessionConfiguration+DiagnosticSDK.h */ = {isa = PBXFileReference; lastKnownFileType = sourcecode.c.h; path = "NSURLSessionConfiguration+DiagnosticSDK.h"; sourceTree = "<group>"; };
		204334092F9B5D93006CE9D9 /* UIViewController+DiagnosticSDK.h */ = {isa = PBXFileReference; lastKnownFileType = sourcecode.c.h; path = "UIViewController+DiagnosticSDK.h"; sourceTree = "<group>"; };
		2043340B2F9B5D93006CE9D9 /* DiagnosticSDK.m */ = {isa = PBXFileReference; lastKnownFileType = sourcecode.c.objc; path = DiagnosticSDK.m; sourceTree = "<group>"; };
		2043340C2F9B5D93006CE9D9 /* DiagnosticSDKBootstrapper.m */ = {isa = PBXFileReference; lastKnownFileType = sourcecode.c.objc; path = DiagnosticSDKBootstrapper.m; sourceTree = "<group>"; };
		2043340D2F9B5D93006CE9D9 /* DiagnosticSDKMethodSwizzling.m */ = {isa = PBXFileReference; lastKnownFileType = sourcecode.c.objc; path = DiagnosticSDKMethodSwizzling.m; sourceTree = "<group>"; };
		2043340E2F9B5D93006CE9D9 /* NSURLSessionConfiguration+DiagnosticSDK.m */ = {isa = PBXFileReference; lastKnownFileType = sourcecode.c.objc; path = "NSURLSessionConfiguration+DiagnosticSDK.m"; sourceTree = "<group>"; };
		2043340F2F9B5D93006CE9D9 /* UIViewController+DiagnosticSDK.m */ = {isa = PBXFileReference; lastKnownFileType = sourcecode.c.objc; path = "UIViewController+DiagnosticSDK.m"; sourceTree = "<group>"; };
		204334542F9B6C78006CE9D9 /* View+Extension.swift */ = {isa = PBXFileReference; lastKnownFileType = sourcecode.swift; path = "View+Extension.swift"; sourceTree = "<group>"; };
		204334562F9B6D00006CE9D9 /* DiagnosticPlainFullScreenSheet.swift */ = {isa = PBXFileReference; lastKnownFileType = sourcecode.swift; path = DiagnosticPlainFullScreenSheet.swift; sourceTree = "<group>"; };
		204334572F9B6D00006CE9D9 /* URLCharacterWrappingLabel.swift */ = {isa = PBXFileReference; lastKnownFileType = sourcecode.swift; path = URLCharacterWrappingLabel.swift; sourceTree = "<group>"; };
		2043345B2F9B6E10006CE9D9 /* SecureTraceWrapper.swift */ = {isa = PBXFileReference; lastKnownFileType = sourcecode.swift; path = SecureTraceWrapper.swift; sourceTree = "<group>"; };
		2043345D2F9B6E10006CE9D9 /* TraceEncryptionService.swift */ = {isa = PBXFileReference; lastKnownFileType = sourcecode.swift; path = TraceEncryptionService.swift; sourceTree = "<group>"; };
		2043345F2F9B6E20006CE9D9 /* TraceSessionFileLoaderError.swift */ = {isa = PBXFileReference; lastKnownFileType = sourcecode.swift; path = TraceSessionFileLoaderError.swift; sourceTree = "<group>"; };
		206E62A42F8AD2160011E974 /* Extensions.swift */ = {isa = PBXFileReference; lastKnownFileType = sourcecode.swift; path = Extensions.swift; sourceTree = "<group>"; };
		206E62A82F8AD2340011E974 /* DiagnosticSDKTests.swift */ = {isa = PBXFileReference; lastKnownFileType = sourcecode.swift; path = DiagnosticSDKTests.swift; sourceTree = "<group>"; };
		20F102D62F8014470096C884 /* DiagnosticSDK.framework */ = {isa = PBXFileReference; explicitFileType = wrapper.framework; includeInIndex = 0; path = DiagnosticSDK.framework; sourceTree = BUILT_PRODUCTS_DIR; };
		20F102E12F8014470096C884 /* DiagnosticSDKTests.xctest */ = {isa = PBXFileReference; explicitFileType = wrapper.cfbundle; includeInIndex = 0; path = DiagnosticSDKTests.xctest; sourceTree = BUILT_PRODUCTS_DIR; };
/* End PBXFileReference section */

/* Begin PBXFrameworksBuildPhase section */
		20F102D32F8014470096C884 /* Frameworks */ = {
			isa = PBXFrameworksBuildPhase;
			buildActionMask = 2147483647;
			files = (
			);
			runOnlyForDeploymentPostprocessing = 0;
		};
		20F102DE2F8014470096C884 /* Frameworks */ = {
			isa = PBXFrameworksBuildPhase;
			buildActionMask = 2147483647;
			files = (
				20F102E22F8014470096C884 /* DiagnosticSDK.framework in Frameworks */,
			);
			runOnlyForDeploymentPostprocessing = 0;
		};
/* End PBXFrameworksBuildPhase section */

/* Begin PBXGroup section */
		204333CC2F9B5D93006CE9D9 /* Async */ = {
			isa = PBXGroup;
			children = (
				204333CB2F9B5D93006CE9D9 /* AsyncTracker.swift */,
			);
			path = Async;
			sourceTree = "<group>";
		};
		204333D02F9B5D93006CE9D9 /* Core */ = {
			isa = PBXGroup;
			children = (
				204333CD2F9B5D93006CE9D9 /* DiagnosticContext.swift */,
				204333CE2F9B5D93006CE9D9 /* NetworkInterceptor.swift */,
				204333CF2F9B5D93006CE9D9 /* NetworkInterceptorProtocol.swift */,
			);
			path = Core;
			sourceTree = "<group>";
		};
		204333D32F9B5D93006CE9D9 /* Interception */ = {
			isa = PBXGroup;
			children = (
				204333D12F9B5D93006CE9D9 /* CustomURLProtocol.swift */,
				204333D22F9B5D93006CE9D9 /* URLSessionInterceptor.swift */,
			);
			path = Interception;
			sourceTree = "<group>";
		};
		204333D92F9B5D93006CE9D9 /* Models */ = {
			isa = PBXGroup;
			children = (
				204333D42F9B5D93006CE9D9 /* DiagnosticSessionSnapshot+SessionTrace.swift */,
				204333D52F9B5D93006CE9D9 /* NetworkEvent.swift */,
				204333D62F9B5D93006CE9D9 /* RequestModel.swift */,
				204333D72F9B5D93006CE9D9 /* ResponseModel.swift */,
				2043345B2F9B6E10006CE9D9 /* SecureTraceWrapper.swift */,
				204333D82F9B5D93006CE9D9 /* TracerModels.swift */,
			);
			path = Models;
			sourceTree = "<group>";
		};
		204333DC2F9B5D93006CE9D9 /* Processing */ = {
			isa = PBXGroup;
			children = (
				204333DA2F9B5D93006CE9D9 /* NetworkEventBuilder.swift */,
				204333DB2F9B5D93006CE9D9 /* SensitiveDataFilter.swift */,
			);
			path = Processing;
			sourceTree = "<group>";
		};
		204333DE2F9B5D93006CE9D9 /* Replay */ = {
			isa = PBXGroup;
			children = (
				204333DD2F9B5D93006CE9D9 /* .gitkeep */,
			);
			path = Replay;
			sourceTree = "<group>";
		};
		204333E52F9B5D93006CE9D9 /* Store */ = {
			isa = PBXGroup;
			children = (
				204333DF2F9B5D93006CE9D9 /* ConsoleStore.swift */,
				204333E02F9B5D93006CE9D9 /* DiagnosticSessionStore.swift */,
				204333E12F9B5D93006CE9D9 /* NetworkStoreProtocol.swift */,
				204333E22F9B5D93006CE9D9 /* SessionHistoryFileService.swift */,
				204333E32F9B5D93006CE9D9 /* SessionTraceJSONCodec.swift */,
				204333E42F9B5D93006CE9D9 /* TraceSessionFileLoader.swift */,
				2043345D2F9B6E10006CE9D9 /* TraceEncryptionService.swift */,
				2043345F2F9B6E20006CE9D9 /* TraceSessionFileLoaderError.swift */,
			);
			path = Store;
			sourceTree = "<group>";
		};
		204333E72F9B5D93006CE9D9 /* Tracer */ = {
			isa = PBXGroup;
			children = (
				204333E62F9B5D93006CE9D9 /* .gitkeep */,
			);
			path = Tracer;
			sourceTree = "<group>";
		};
		204333EE2F9B5D93006CE9D9 /* Components */ = {
			isa = PBXGroup;
			children = (
				204333E82F9B5D93006CE9D9 /* CopyToastModifier.swift */,
				204333E92F9B5D93006CE9D9 /* DiagnosticEmptyStateView.swift */,
				204333EA2F9B5D93006CE9D9 /* DiagnosticPrettyJSONPreview.swift */,
				204334562F9B6D00006CE9D9 /* DiagnosticPlainFullScreenSheet.swift */,
				204333EB2F9B5D93006CE9D9 /* DiagnosticReadableTextBlock.swift */,
				204333EC2F9B5D93006CE9D9 /* DiagnosticTraceSessionListViews.swift */,
				204333ED2F9B5D93006CE9D9 /* TraceSessionListFilters.swift */,
				204334572F9B6D00006CE9D9 /* URLCharacterWrappingLabel.swift */,
			);
			path = Components;
			sourceTree = "<group>";
		};
		204333F12F9B5D93006CE9D9 /* ViewModels */ = {
			isa = PBXGroup;
			children = (
				204333EF2F9B5D93006CE9D9 /* SessionHistoryViewModel.swift */,
				204333F02F9B5D93006CE9D9 /* TraceInspectorViewModel.swift */,
			);
			path = ViewModels;
			sourceTree = "<group>";
		};
		204333F52F9B5D93006CE9D9 /* Views */ = {
			isa = PBXGroup;
			children = (
				204333F22F9B5D93006CE9D9 /* NetworkInteractionDetailView.swift */,
				204333F32F9B5D93006CE9D9 /* SessionHistoryView.swift */,
				204333F42F9B5D93006CE9D9 /* TraceInspectorView.swift */,
			);
			path = Views;
			sourceTree = "<group>";
		};
		204333F62F9B5D93006CE9D9 /* History */ = {
			isa = PBXGroup;
			children = (
				204333F12F9B5D93006CE9D9 /* ViewModels */,
				204333F52F9B5D93006CE9D9 /* Views */,
			);
			path = History;
			sourceTree = "<group>";
		};
		204333F82F9B5D93006CE9D9 /* ViewModels */ = {
			isa = PBXGroup;
			children = (
				204333F72F9B5D93006CE9D9 /* LiveSessionViewModel.swift */,
			);
			path = ViewModels;
			sourceTree = "<group>";
		};
		204333FA2F9B5D93006CE9D9 /* Views */ = {
			isa = PBXGroup;
			children = (
				204333F92F9B5D93006CE9D9 /* LiveSessionView.swift */,
			);
			path = Views;
			sourceTree = "<group>";
		};
		204333FB2F9B5D93006CE9D9 /* Live */ = {
			isa = PBXGroup;
			children = (
				204333F82F9B5D93006CE9D9 /* ViewModels */,
				204333FA2F9B5D93006CE9D9 /* Views */,
			);
			path = Live;
			sourceTree = "<group>";
		};
		204333FF2F9B5D93006CE9D9 /* Public */ = {
			isa = PBXGroup;
			children = (
				204333FC2F9B5D93006CE9D9 /* DiagnosticDashboardView.swift */,
				204333FD2F9B5D93006CE9D9 /* DiagnosticUIManager.swift */,
				204333FE2F9B5D93006CE9D9 /* ShakeDetector.swift */,
			);
			path = Public;
			sourceTree = "<group>";
		};
		204334012F9B5D93006CE9D9 /* Root */ = {
			isa = PBXGroup;
			children = (
				204334002F9B5D93006CE9D9 /* DiagnosticRootTabView.swift */,
			);
			path = Root;
			sourceTree = "<group>";
		};
		204334022F9B5D93006CE9D9 /* UI */ = {
			isa = PBXGroup;
			children = (
				204334502F9B6C29006CE9D9 /* Extensions */,
				204333EE2F9B5D93006CE9D9 /* Components */,
				204333F62F9B5D93006CE9D9 /* History */,
				204333FB2F9B5D93006CE9D9 /* Live */,
				204333FF2F9B5D93006CE9D9 /* Public */,
				204334012F9B5D93006CE9D9 /* Root */,
			);
			path = UI;
			sourceTree = "<group>";
		};
		204334042F9B5D93006CE9D9 /* DiagnosticSDK */ = {
			isa = PBXGroup;
			children = (
				204333CC2F9B5D93006CE9D9 /* Async */,
				204333D02F9B5D93006CE9D9 /* Core */,
				204333D32F9B5D93006CE9D9 /* Interception */,
				204333D92F9B5D93006CE9D9 /* Models */,
				204333DC2F9B5D93006CE9D9 /* Processing */,
				204333DE2F9B5D93006CE9D9 /* Replay */,
				204333E52F9B5D93006CE9D9 /* Store */,
				204333E72F9B5D93006CE9D9 /* Tracer */,
				204334022F9B5D93006CE9D9 /* UI */,
				204334032F9B5D93006CE9D9 /* DiagnosticSDK.docc */,
			);
			path = DiagnosticSDK;
			sourceTree = "<group>";
		};
		2043340A2F9B5D93006CE9D9 /* include */ = {
			isa = PBXGroup;
			children = (
				204334052F9B5D93006CE9D9 /* DiagnosticSDK.h */,
				204334062F9B5D93006CE9D9 /* DiagnosticSDKBootstrapper.h */,
				204334072F9B5D93006CE9D9 /* DiagnosticSDKMethodSwizzling.h */,
				204334082F9B5D93006CE9D9 /* NSURLSessionConfiguration+DiagnosticSDK.h */,
				204334092F9B5D93006CE9D9 /* UIViewController+DiagnosticSDK.h */,
			);
			path = include;
			sourceTree = "<group>";
		};
		204334102F9B5D93006CE9D9 /* DiagnosticSDKObjC */ = {
			isa = PBXGroup;
			children = (
				2043340A2F9B5D93006CE9D9 /* include */,
				2043340B2F9B5D93006CE9D9 /* DiagnosticSDK.m */,
				2043340C2F9B5D93006CE9D9 /* DiagnosticSDKBootstrapper.m */,
				2043340D2F9B5D93006CE9D9 /* DiagnosticSDKMethodSwizzling.m */,
				2043340E2F9B5D93006CE9D9 /* NSURLSessionConfiguration+DiagnosticSDK.m */,
				2043340F2F9B5D93006CE9D9 /* UIViewController+DiagnosticSDK.m */,
			);
			path = DiagnosticSDKObjC;
			sourceTree = "<group>";
		};
		204334112F9B5D93006CE9D9 /* Sources */ = {
			isa = PBXGroup;
			children = (
				204334042F9B5D93006CE9D9 /* DiagnosticSDK */,
				204334102F9B5D93006CE9D9 /* DiagnosticSDKObjC */,
			);
			path = Sources;
			sourceTree = "<group>";
		};
		204334502F9B6C29006CE9D9 /* Extensions */ = {
			isa = PBXGroup;
			children = (
				204334542F9B6C78006CE9D9 /* View+Extension.swift */,
			);
			path = Extensions;
			sourceTree = "<group>";
		};
		206E62A52F8AD2160011E974 /* Utils */ = {
			isa = PBXGroup;
			children = (
				206E62A42F8AD2160011E974 /* Extensions.swift */,
			);
			path = Utils;
			sourceTree = "<group>";
		};
		206E62A92F8AD2340011E974 /* DiagnosticSDKTests */ = {
			isa = PBXGroup;
			children = (
				206E62A82F8AD2340011E974 /* DiagnosticSDKTests.swift */,
			);
			path = DiagnosticSDKTests;
			sourceTree = "<group>";
		};
		206E62AA2F8AD2340011E974 /* Tests */ = {
			isa = PBXGroup;
			children = (
				206E62A92F8AD2340011E974 /* DiagnosticSDKTests */,
			);
			path = Tests;
			sourceTree = "<group>";
		};
		20F102CC2F8014470096C884 = {
			isa = PBXGroup;
			children = (
				204334112F9B5D93006CE9D9 /* Sources */,
				206E62A52F8AD2160011E974 /* Utils */,
				206E62AA2F8AD2340011E974 /* Tests */,
				20F102D72F8014470096C884 /* Products */,
			);
			sourceTree = "<group>";
		};
		20F102D72F8014470096C884 /* Products */ = {
			isa = PBXGroup;
			children = (
				20F102D62F8014470096C884 /* DiagnosticSDK.framework */,
				20F102E12F8014470096C884 /* DiagnosticSDKTests.xctest */,
			);
			name = Products;
			sourceTree = "<group>";
		};
/* End PBXGroup section */

/* Begin PBXHeadersBuildPhase section */
		20F102D12F8014470096C884 /* Headers */ = {
			isa = PBXHeadersBuildPhase;
			buildActionMask = 2147483647;
			files = (
				204334122F9B5D93006CE9D9 /* DiagnosticSDK.h in Headers */,
				204334132F9B5D93006CE9D9 /* UIViewController+DiagnosticSDK.h in Headers */,
				204334142F9B5D93006CE9D9 /* NSURLSessionConfiguration+DiagnosticSDK.h in Headers */,
				204334152F9B5D93006CE9D9 /* DiagnosticSDKBootstrapper.h in Headers */,
				204334162F9B5D93006CE9D9 /* DiagnosticSDKMethodSwizzling.h in Headers */,
			);
			runOnlyForDeploymentPostprocessing = 0;
		};
/* End PBXHeadersBuildPhase section */

/* Begin PBXNativeTarget section */
		20F102D52F8014470096C884 /* DiagnosticSDK */ = {
			isa = PBXNativeTarget;
			buildConfigurationList = 20F102EA2F8014470096C884 /* Build configuration list for PBXNativeTarget "DiagnosticSDK" */;
			buildPhases = (
				20F102D12F8014470096C884 /* Headers */,
				20F102D22F8014470096C884 /* Sources */,
				20F102D32F8014470096C884 /* Frameworks */,
				20F102D42F8014470096C884 /* Resources */,
			);
			buildRules = (
			);
			dependencies = (
			);
			name = DiagnosticSDK;
			packageProductDependencies = (
			);
			productName = DiagnosticSDK;
			productReference = 20F102D62F8014470096C884 /* DiagnosticSDK.framework */;
			productType = "com.apple.product-type.framework";
		};
		20F102E02F8014470096C884 /* DiagnosticSDKTests */ = {
			isa = PBXNativeTarget;
			buildConfigurationList = 20F102ED2F8014470096C884 /* Build configuration list for PBXNativeTarget "DiagnosticSDKTests" */;
			buildPhases = (
				20F102DD2F8014470096C884 /* Sources */,
				20F102DE2F8014470096C884 /* Frameworks */,
				20F102DF2F8014470096C884 /* Resources */,
			);
			buildRules = (
			);
			dependencies = (
				20F102E42F8014470096C884 /* PBXTargetDependency */,
			);
			name = DiagnosticSDKTests;
			packageProductDependencies = (
			);
			productName = DiagnosticSDKTests;
			productReference = 20F102E12F8014470096C884 /* DiagnosticSDKTests.xctest */;
			productType = "com.apple.product-type.bundle.unit-test";
		};
/* End PBXNativeTarget section */

/* Begin PBXProject section */
		20F102CD2F8014470096C884 /* Project object */ = {
			isa = PBXProject;
			attributes = {
				BuildIndependentTargetsInParallel = 1;
				LastSwiftUpdateCheck = 2620;
				LastUpgradeCheck = 2620;
				TargetAttributes = {
					20F102D52F8014470096C884 = {
						CreatedOnToolsVersion = 26.2;
						LastSwiftMigration = 2620;
					};
					20F102E02F8014470096C884 = {
						CreatedOnToolsVersion = 26.2;
					};
				};
			};
			buildConfigurationList = 20F102D02F8014470096C884 /* Build configuration list for PBXProject "DiagnosticSDK" */;
			developmentRegion = en;
			hasScannedForEncodings = 0;
			knownRegions = (
				en,
				Base,
			);
			mainGroup = 20F102CC2F8014470096C884;
			minimizedProjectReferenceProxies = 1;
			preferredProjectObjectVersion = 77;
			productRefGroup = 20F102D72F8014470096C884 /* Products */;
			projectDirPath = "";
			projectRoot = "";
			targets = (
				20F102D52F8014470096C884 /* DiagnosticSDK */,
				20F102E02F8014470096C884 /* DiagnosticSDKTests */,
			);
		};
/* End PBXProject section */

/* Begin PBXResourcesBuildPhase section */
		20F102D42F8014470096C884 /* Resources */ = {
			isa = PBXResourcesBuildPhase;
			buildActionMask = 2147483647;
			files = (
			);
			runOnlyForDeploymentPostprocessing = 0;
		};
		20F102DF2F8014470096C884 /* Resources */ = {
			isa = PBXResourcesBuildPhase;
			buildActionMask = 2147483647;
			files = (
			);
			runOnlyForDeploymentPostprocessing = 0;
		};
/* End PBXResourcesBuildPhase section */

/* Begin PBXSourcesBuildPhase section */
		20F102D22F8014470096C884 /* Sources */ = {
			isa = PBXSourcesBuildPhase;
			buildActionMask = 2147483647;
			files = (
				204334172F9B5D93006CE9D9 /* SessionTraceJSONCodec.swift in Sources */,
				204334182F9B5D93006CE9D9 /* SensitiveDataFilter.swift in Sources */,
				204334192F9B5D93006CE9D9 /* AsyncTracker.swift in Sources */,
				2043341A2F9B5D93006CE9D9 /* CopyToastModifier.swift in Sources */,
				2043341B2F9B5D93006CE9D9 /* DiagnosticEmptyStateView.swift in Sources */,
				2043341C2F9B5D93006CE9D9 /* TraceSessionFileLoader.swift in Sources */,
				2043341D2F9B5D93006CE9D9 /* ShakeDetector.swift in Sources */,
				2043341E2F9B5D93006CE9D9 /* TraceInspectorView.swift in Sources */,
				2043341F2F9B5D93006CE9D9 /* LiveSessionViewModel.swift in Sources */,
				204334202F9B5D93006CE9D9 /* DiagnosticPrettyJSONPreview.swift in Sources */,
				204334212F9B5D93006CE9D9 /* DiagnosticSessionSnapshot+SessionTrace.swift in Sources */,
				204334222F9B5D93006CE9D9 /* DiagnosticSDKBootstrapper.m in Sources */,
				204334232F9B5D93006CE9D9 /* NetworkInterceptorProtocol.swift in Sources */,
				204334242F9B5D93006CE9D9 /* DiagnosticSessionStore.swift in Sources */,
				204334252F9B5D93006CE9D9 /* SessionHistoryViewModel.swift in Sources */,
				204334262F9B5D93006CE9D9 /* NetworkStoreProtocol.swift in Sources */,
				204334272F9B5D93006CE9D9 /* DiagnosticSDK.m in Sources */,
				204334282F9B5D93006CE9D9 /* TracerModels.swift in Sources */,
				204334552F9B6C78006CE9D9 /* View+Extension.swift in Sources */,
				204334582F9B6D00006CE9D9 /* DiagnosticPlainFullScreenSheet.swift in Sources */,
				204334292F9B5D93006CE9D9 /* SessionHistoryView.swift in Sources */,
				2043342A2F9B5D93006CE9D9 /* RequestModel.swift in Sources */,
				2043342B2F9B5D93006CE9D9 /* NetworkInterceptor.swift in Sources */,
				2043342C2F9B5D93006CE9D9 /* ConsoleStore.swift in Sources */,
				2043342D2F9B5D93006CE9D9 /* DiagnosticDashboardView.swift in Sources */,
				2043342E2F9B5D93006CE9D9 /* TraceSessionListFilters.swift in Sources */,
				2043342F2F9B5D93006CE9D9 /* LiveSessionView.swift in Sources */,
				204334302F9B5D93006CE9D9 /* DiagnosticReadableTextBlock.swift in Sources */,
				204334592F9B6D00006CE9D9 /* URLCharacterWrappingLabel.swift in Sources */,
				204334312F9B5D93006CE9D9 /* NetworkEvent.swift in Sources */,
				2043345A2F9B6E10006CE9D9 /* SecureTraceWrapper.swift in Sources */,
				204334322F9B5D93006CE9D9 /* DiagnosticUIManager.swift in Sources */,
				204334332F9B5D93006CE9D9 /* NetworkInteractionDetailView.swift in Sources */,
				204334342F9B5D93006CE9D9 /* UIViewController+DiagnosticSDK.m in Sources */,
				204334352F9B5D93006CE9D9 /* ResponseModel.swift in Sources */,
				204334362F9B5D93006CE9D9 /* CustomURLProtocol.swift in Sources */,
				204334372F9B5D93006CE9D9 /* NSURLSessionConfiguration+DiagnosticSDK.m in Sources */,
				204334382F9B5D93006CE9D9 /* DiagnosticSDK.docc in Sources */,
				204334392F9B5D93006CE9D9 /* DiagnosticContext.swift in Sources */,
				2043343A2F9B5D93006CE9D9 /* NetworkEventBuilder.swift in Sources */,
				2043343B2F9B5D93006CE9D9 /* TraceInspectorViewModel.swift in Sources */,
				2043343C2F9B5D93006CE9D9 /* URLSessionInterceptor.swift in Sources */,
				2043343D2F9B5D93006CE9D9 /* DiagnosticTraceSessionListViews.swift in Sources */,
				2043343E2F9B5D93006CE9D9 /* DiagnosticSDKMethodSwizzling.m in Sources */,
				2043343F2F9B5D93006CE9D9 /* DiagnosticRootTabView.swift in Sources */,
				204334402F9B5D93006CE9D9 /* SessionHistoryFileService.swift in Sources */,
				2043345C2F9B6E10006CE9D9 /* TraceEncryptionService.swift in Sources */,
				2043345E2F9B6E20006CE9D9 /* TraceSessionFileLoaderError.swift in Sources */,
				206E62A62F8AD2160011E974 /* Extensions.swift in Sources */,
			);
			runOnlyForDeploymentPostprocessing = 0;
		};
		20F102DD2F8014470096C884 /* Sources */ = {
			isa = PBXSourcesBuildPhase;
			buildActionMask = 2147483647;
			files = (
				206E62AB2F8AD2340011E974 /* DiagnosticSDKTests.swift in Sources */,
			);
			runOnlyForDeploymentPostprocessing = 0;
		};
/* End PBXSourcesBuildPhase section */

/* Begin PBXTargetDependency section */
		20F102E42F8014470096C884 /* PBXTargetDependency */ = {
			isa = PBXTargetDependency;
			target = 20F102D52F8014470096C884 /* DiagnosticSDK */;
			targetProxy = 20F102E32F8014470096C884 /* PBXContainerItemProxy */;
		};
/* End PBXTargetDependency section */

/* Begin XCBuildConfiguration section */
		20F102E82F8014470096C884 /* Debug */ = {
			isa = XCBuildConfiguration;
			buildSettings = {
				ALWAYS_SEARCH_USER_PATHS = NO;
				ASSETCATALOG_COMPILER_GENERATE_SWIFT_ASSET_SYMBOL_EXTENSIONS = YES;
				CLANG_ANALYZER_NONNULL = YES;
				CLANG_ANALYZER_NUMBER_OBJECT_CONVERSION = YES_AGGRESSIVE;
				CLANG_CXX_LANGUAGE_STANDARD = "gnu++20";
				CLANG_ENABLE_MODULES = YES;
				CLANG_ENABLE_OBJC_ARC = YES;
				CLANG_ENABLE_OBJC_WEAK = YES;
				CLANG_WARN_BLOCK_CAPTURE_AUTORELEASING = YES;
				CLANG_WARN_BOOL_CONVERSION = YES;
				CLANG_WARN_COMMA = YES;
				CLANG_WARN_CONSTANT_CONVERSION = YES;
				CLANG_WARN_DEPRECATED_OBJC_IMPLEMENTATIONS = YES;
				CLANG_WARN_DIRECT_OBJC_ISA_USAGE = YES_ERROR;
				CLANG_WARN_DOCUMENTATION_COMMENTS = YES;
				CLANG_WARN_EMPTY_BODY = YES;
				CLANG_WARN_ENUM_CONVERSION = YES;
				CLANG_WARN_INFINITE_RECURSION = YES;
				CLANG_WARN_INT_CONVERSION = YES;
				CLANG_WARN_NON_LITERAL_NULL_CONVERSION = YES;
				CLANG_WARN_OBJC_IMPLICIT_RETAIN_SELF = YES;
				CLANG_WARN_OBJC_LITERAL_CONVERSION = YES;
				CLANG_WARN_OBJC_ROOT_CLASS = YES_ERROR;
				CLANG_WARN_QUOTED_INCLUDE_IN_FRAMEWORK_HEADER = YES;
				CLANG_WARN_RANGE_LOOP_ANALYSIS = YES;
				CLANG_WARN_STRICT_PROTOTYPES = YES;
				CLANG_WARN_SUSPICIOUS_MOVE = YES;
				CLANG_WARN_UNGUARDED_AVAILABILITY = YES_AGGRESSIVE;
				CLANG_WARN_UNREACHABLE_CODE = YES;
				CLANG_WARN__DUPLICATE_METHOD_MATCH = YES;
				COPY_PHASE_STRIP = NO;
				CURRENT_PROJECT_VERSION = 1;
				DEBUG_INFORMATION_FORMAT = dwarf;
				ENABLE_STRICT_OBJC_MSGSEND = YES;
				ENABLE_TESTABILITY = YES;
				ENABLE_USER_SCRIPT_SANDBOXING = YES;
				GCC_C_LANGUAGE_STANDARD = gnu17;
				GCC_DYNAMIC_NO_PIC = NO;
				GCC_NO_COMMON_BLOCKS = YES;
				GCC_OPTIMIZATION_LEVEL = 0;
				GCC_PREPROCESSOR_DEFINITIONS = (
					"DEBUG=1",
					"$(inherited)",
				);
				GCC_WARN_64_TO_32_BIT_CONVERSION = YES;
				GCC_WARN_ABOUT_RETURN_TYPE = YES_ERROR;
				GCC_WARN_UNDECLARED_SELECTOR = YES;
				GCC_WARN_UNINITIALIZED_AUTOS = YES_AGGRESSIVE;
				GCC_WARN_UNUSED_FUNCTION = YES;
				GCC_WARN_UNUSED_VARIABLE = YES;
				IPHONEOS_DEPLOYMENT_TARGET = 26.2;
				LOCALIZATION_PREFERS_STRING_CATALOGS = YES;
				MTL_ENABLE_DEBUG_INFO = INCLUDE_SOURCE;
				MTL_FAST_MATH = YES;
				ONLY_ACTIVE_ARCH = YES;
				SDKROOT = iphoneos;
				SWIFT_ACTIVE_COMPILATION_CONDITIONS = "DEBUG $(inherited)";
				SWIFT_OPTIMIZATION_LEVEL = "-Onone";
				VERSIONING_SYSTEM = "apple-generic";
				VERSION_INFO_PREFIX = "";
			};
			name = Debug;
		};
		20F102E92F8014470096C884 /* Release */ = {
			isa = XCBuildConfiguration;
			buildSettings = {
				ALWAYS_SEARCH_USER_PATHS = NO;
				ASSETCATALOG_COMPILER_GENERATE_SWIFT_ASSET_SYMBOL_EXTENSIONS = YES;
				CLANG_ANALYZER_NONNULL = YES;
				CLANG_ANALYZER_NUMBER_OBJECT_CONVERSION = YES_AGGRESSIVE;
				CLANG_CXX_LANGUAGE_STANDARD = "gnu++20";
				CLANG_ENABLE_MODULES = YES;
				CLANG_ENABLE_OBJC_ARC = YES;
				CLANG_ENABLE_OBJC_WEAK = YES;
				CLANG_WARN_BLOCK_CAPTURE_AUTORELEASING = YES;
				CLANG_WARN_BOOL_CONVERSION = YES;
				CLANG_WARN_COMMA = YES;
				CLANG_WARN_CONSTANT_CONVERSION = YES;
				CLANG_WARN_DEPRECATED_OBJC_IMPLEMENTATIONS = YES;
				CLANG_WARN_DIRECT_OBJC_ISA_USAGE = YES_ERROR;
				CLANG_WARN_DOCUMENTATION_COMMENTS = YES;
				CLANG_WARN_EMPTY_BODY = YES;
				CLANG_WARN_ENUM_CONVERSION = YES;
				CLANG_WARN_INFINITE_RECURSION = YES;
				CLANG_WARN_INT_CONVERSION = YES;
				CLANG_WARN_NON_LITERAL_NULL_CONVERSION = YES;
				CLANG_WARN_OBJC_IMPLICIT_RETAIN_SELF = YES;
				CLANG_WARN_OBJC_LITERAL_CONVERSION = YES;
				CLANG_WARN_OBJC_ROOT_CLASS = YES_ERROR;
				CLANG_WARN_QUOTED_INCLUDE_IN_FRAMEWORK_HEADER = YES;
				CLANG_WARN_RANGE_LOOP_ANALYSIS = YES;
				CLANG_WARN_STRICT_PROTOTYPES = YES;
				CLANG_WARN_SUSPICIOUS_MOVE = YES;
				CLANG_WARN_UNGUARDED_AVAILABILITY = YES_AGGRESSIVE;
				CLANG_WARN_UNREACHABLE_CODE = YES;
				CLANG_WARN__DUPLICATE_METHOD_MATCH = YES;
				COPY_PHASE_STRIP = NO;
				CURRENT_PROJECT_VERSION = 1;
				DEBUG_INFORMATION_FORMAT = "dwarf-with-dsym";
				ENABLE_NS_ASSERTIONS = NO;
				ENABLE_STRICT_OBJC_MSGSEND = YES;
				ENABLE_USER_SCRIPT_SANDBOXING = YES;
				GCC_C_LANGUAGE_STANDARD = gnu17;
				GCC_NO_COMMON_BLOCKS = YES;
				GCC_WARN_64_TO_32_BIT_CONVERSION = YES;
				GCC_WARN_ABOUT_RETURN_TYPE = YES_ERROR;
				GCC_WARN_UNDECLARED_SELECTOR = YES;
				GCC_WARN_UNINITIALIZED_AUTOS = YES_AGGRESSIVE;
				GCC_WARN_UNUSED_FUNCTION = YES;
				GCC_WARN_UNUSED_VARIABLE = YES;
				IPHONEOS_DEPLOYMENT_TARGET = 26.2;
				LOCALIZATION_PREFERS_STRING_CATALOGS = YES;
				MTL_ENABLE_DEBUG_INFO = NO;
				MTL_FAST_MATH = YES;
				SDKROOT = iphoneos;
				SWIFT_COMPILATION_MODE = wholemodule;
				VALIDATE_PRODUCT = YES;
				VERSIONING_SYSTEM = "apple-generic";
				VERSION_INFO_PREFIX = "";
			};
			name = Release;
		};
		20F102EB2F8014470096C884 /* Debug */ = {
			isa = XCBuildConfiguration;
			buildSettings = {
				BUILD_LIBRARY_FOR_DISTRIBUTION = YES;
				CLANG_ENABLE_MODULES = YES;
				CODE_SIGN_STYLE = Automatic;
				CURRENT_PROJECT_VERSION = 1;
				DEFINES_MODULE = YES;
				DYLIB_COMPATIBILITY_VERSION = 1;
				DYLIB_CURRENT_VERSION = 1;
				DYLIB_INSTALL_NAME_BASE = "@rpath";
				ENABLE_MODULE_VERIFIER = YES;
				GENERATE_INFOPLIST_FILE = YES;
				INFOPLIST_KEY_NSHumanReadableCopyright = "";
				INSTALL_PATH = "$(LOCAL_LIBRARY_DIR)/Frameworks";
				IPHONEOS_DEPLOYMENT_TARGET = 15.6;
				LD_RUNPATH_SEARCH_PATHS = (
					"$(inherited)",
					"@executable_path/Frameworks",
					"@loader_path/Frameworks",
				);
				MARKETING_VERSION = 1.0;
				MODULE_VERIFIER_SUPPORTED_LANGUAGES = "objective-c objective-c++";
				MODULE_VERIFIER_SUPPORTED_LANGUAGE_STANDARDS = "gnu17 gnu++20";
				PRODUCT_BUNDLE_IDENTIFIER = com.adrial.DiagnosticSDK;
				PRODUCT_NAME = "$(TARGET_NAME:c99extidentifier)";
				SKIP_INSTALL = NO;
				STRING_CATALOG_GENERATE_SYMBOLS = YES;
				SWIFT_APPROACHABLE_CONCURRENCY = YES;
				SWIFT_EMIT_LOC_STRINGS = YES;
				SWIFT_INSTALL_MODULE = YES;
				SWIFT_INSTALL_OBJC_HEADER = NO;
				SWIFT_OPTIMIZATION_LEVEL = "-Onone";
				SWIFT_UPCOMING_FEATURE_MEMBER_IMPORT_VISIBILITY = YES;
				SWIFT_VERSION = 5.0;
				TARGETED_DEVICE_FAMILY = "1,2";
			};
			name = Debug;
		};
		20F102EC2F8014470096C884 /* Release */ = {
			isa = XCBuildConfiguration;
			buildSettings = {
				BUILD_LIBRARY_FOR_DISTRIBUTION = YES;
				CLANG_ENABLE_MODULES = YES;
				CODE_SIGN_STYLE = Automatic;
				CURRENT_PROJECT_VERSION = 1;
				DEFINES_MODULE = YES;
				DYLIB_COMPATIBILITY_VERSION = 1;
				DYLIB_CURRENT_VERSION = 1;
				DYLIB_INSTALL_NAME_BASE = "@rpath";
				ENABLE_MODULE_VERIFIER = YES;
				GENERATE_INFOPLIST_FILE = YES;
				INFOPLIST_KEY_NSHumanReadableCopyright = "";
				INSTALL_PATH = "$(LOCAL_LIBRARY_DIR)/Frameworks";
				IPHONEOS_DEPLOYMENT_TARGET = 15.6;
				LD_RUNPATH_SEARCH_PATHS = (
					"$(inherited)",
					"@executable_path/Frameworks",
					"@loader_path/Frameworks",
				);
				MARKETING_VERSION = 1.0;
				MODULE_VERIFIER_SUPPORTED_LANGUAGES = "objective-c objective-c++";
				MODULE_VERIFIER_SUPPORTED_LANGUAGE_STANDARDS = "gnu17 gnu++20";
				PRODUCT_BUNDLE_IDENTIFIER = com.adrial.DiagnosticSDK;
				PRODUCT_NAME = "$(TARGET_NAME:c99extidentifier)";
				SKIP_INSTALL = NO;
				STRING_CATALOG_GENERATE_SYMBOLS = YES;
				SWIFT_APPROACHABLE_CONCURRENCY = YES;
				SWIFT_EMIT_LOC_STRINGS = YES;
				SWIFT_INSTALL_MODULE = YES;
				SWIFT_INSTALL_OBJC_HEADER = NO;
				SWIFT_UPCOMING_FEATURE_MEMBER_IMPORT_VISIBILITY = YES;
				SWIFT_VERSION = 5.0;
				TARGETED_DEVICE_FAMILY = "1,2";
			};
			name = Release;
		};
		20F102EE2F8014470096C884 /* Debug */ = {
			isa = XCBuildConfiguration;
			buildSettings = {
				CODE_SIGN_STYLE = Automatic;
				CURRENT_PROJECT_VERSION = 1;
				GENERATE_INFOPLIST_FILE = YES;
				MARKETING_VERSION = 1.0;
				PRODUCT_BUNDLE_IDENTIFIER = com.adrial.DiagnosticSDKTests;
				PRODUCT_NAME = "$(TARGET_NAME)";
				STRING_CATALOG_GENERATE_SYMBOLS = NO;
				SWIFT_APPROACHABLE_CONCURRENCY = YES;
				SWIFT_EMIT_LOC_STRINGS = NO;
				SWIFT_UPCOMING_FEATURE_MEMBER_IMPORT_VISIBILITY = YES;
				SWIFT_VERSION = 5.0;
				TARGETED_DEVICE_FAMILY = "1,2";
			};
			name = Debug;
		};
		20F102EF2F8014470096C884 /* Release */ = {
			isa = XCBuildConfiguration;
			buildSettings = {
				CODE_SIGN_STYLE = Automatic;
				CURRENT_PROJECT_VERSION = 1;
				GENERATE_INFOPLIST_FILE = YES;
				MARKETING_VERSION = 1.0;
				PRODUCT_BUNDLE_IDENTIFIER = com.adrial.DiagnosticSDKTests;
				PRODUCT_NAME = "$(TARGET_NAME)";
				STRING_CATALOG_GENERATE_SYMBOLS = NO;
				SWIFT_APPROACHABLE_CONCURRENCY = YES;
				SWIFT_EMIT_LOC_STRINGS = NO;
				SWIFT_UPCOMING_FEATURE_MEMBER_IMPORT_VISIBILITY = YES;
				SWIFT_VERSION = 5.0;
				TARGETED_DEVICE_FAMILY = "1,2";
			};
			name = Release;
		};
/* End XCBuildConfiguration section */

/* Begin XCConfigurationList section */
		20F102D02F8014470096C884 /* Build configuration list for PBXProject "DiagnosticSDK" */ = {
			isa = XCConfigurationList;
			buildConfigurations = (
				20F102E82F8014470096C884 /* Debug */,
				20F102E92F8014470096C884 /* Release */,
			);
			defaultConfigurationIsVisible = 0;
			defaultConfigurationName = Release;
		};
		20F102EA2F8014470096C884 /* Build configuration list for PBXNativeTarget "DiagnosticSDK" */ = {
			isa = XCConfigurationList;
			buildConfigurations = (
				20F102EB2F8014470096C884 /* Debug */,
				20F102EC2F8014470096C884 /* Release */,
			);
			defaultConfigurationIsVisible = 0;
			defaultConfigurationName = Release;
		};
		20F102ED2F8014470096C884 /* Build configuration list for PBXNativeTarget "DiagnosticSDKTests" */ = {
			isa = XCConfigurationList;
			buildConfigurations = (
				20F102EE2F8014470096C884 /* Debug */,
				20F102EF2F8014470096C884 /* Release */,
			);
			defaultConfigurationIsVisible = 0;
			defaultConfigurationName = Release;
		};
/* End XCConfigurationList section */
	};
	rootObject = 20F102CD2F8014470096C884 /* Project object */;
}
